
Microsoft Visual Studio Solution File, Format Version 12.00
# Visual Studio Version 16
VisualStudioVersion = 16.0.29613.14
MinimumVisualStudioVersion = 10.0.40219.1
Project("{FAE04EC0-301F-11D3-BF4B-00C04F79EFBC}") = "SearchInXml", "SearchInXml\SearchInXml.csproj", "{C9868808-3DEF-4300-828B-8CA14975EBCF}"
EndProject
Global
	GlobalSection(SolutionConfigurationPlatforms) = preSolution
		Debug|Any CPU = Debug|Any CPU
		Release|Any CPU = Release|Any CPU
	EndGlobalSection
	GlobalSection(ProjectConfigurationPlatforms) = postSolution
		{C9868808-3DEF-4300-828B-8CA14975EBCF}.Debug|Any CPU.ActiveCfg = Debug|Any CPU
		{C9868808-3DEF-4300-828B-8CA14975EBCF}.Debug|Any CPU.Build.0 = Debug|Any CPU
		{C9868808-3DEF-4300-828B-8CA14975EBCF}.Release|Any CPU.ActiveCfg = Release|Any CPU
		{C9868808-3DEF-4300-828B-8CA14975EBCF}.Release|Any CPU.Build.0 = Release|Any CPU
	EndGlobalSection
	GlobalSection(SolutionProperties) = preSolution
		HideSolutionNode = FALSE
	EndGlobalSection
	GlobalSection(ExtensibilityGlobals) = postSolution
		SolutionGuid = {AEBD59BC-B180-487D-B86F-55AC23177B5A}
	EndGlobalSection
EndGlobal
